{
  "version": 4,
  "terraform_version": "1.15.5",
  "serial": 10,
  "lineage": "62ade622-f5cc-43b2-07af-a0c0e79b7698",
  "outputs": {
    "environment": {
      "value": "dev",
      "type": "string"
    },
    "inventory_file": {
      "value": "./devops-lab-inventory.txt",
      "type": "string"
    },
    "lab_id": {
      "value": "d31bbe03",
      "type": "string"
    },
    "project_name": {
      "value": "node-app-devsecops-lab",
      "type": "string"
    }
  },
  "resources": [
    {
      "mode": "managed",
      "type": "local_file",
      "name": "compute_design",
      "provider": "provider[\"registry.terraform.io/hashicorp/local\"]",
      "instances": [
        {
          "schema_version": 0,
          "attributes": {
            "content": "Compute Design - dev\n\nApplication Server:\n- Name   : node-app-server\n- Role   : Application Runtime\n- Subnet : 10.10.1.0/24\n- Port   : 8080\n\nCI/CD Server:\n- Name   : jenkins-server\n- Role   : CI/CD Automation\n- Subnet : 10.10.3.0/24\n- Port   : 8081\n\nQuality Server:\n- Name   : sonarqube-server\n- Role   : Code Quality and SAST\n- Subnet : 10.10.3.0/24\n- Port   : 9000\n\nMonitoring Server:\n- Name   : monitoring-server\n- Role   : Prometheus and Grafana\n- Subnet : 10.10.2.0/24\n- Port   : 9090\n\nFuture Expansion:\n- Kubernetes Control Plane\n- Kubernetes Worker Nodes\n- ArgoCD\n- Vault\n- OPA\n- Loki\n- Tempo\n- OpenTelemetry\n- Backstage\n",
            "content_base64": null,
            "content_base64sha256": "CsTcTFs4NGecqKylAv8kUifhp3V7XYVMlavOMKZAbFY=",
            "content_base64sha512": "npDukWwIXqzaOOfF7G8x/wRKngYv2dbf5kIisrCbHrHq5pfgWxc62HnMNapeIgNEjxSBPLfHt8R/uIoqG+8+SA==",
            "content_md5": "a43d36fa298441ab82a708208f6b5238",
            "content_sha1": "c6d685bceacc6d4fdcdd30b6d6070ecb26d8f362",
            "content_sha256": "0ac4dc4c5b3834679ca8aca502ff245227e1a7757b5d854c95abce30a6406c56",
            "content_sha512": "9e90ee916c085eacda38e7c5ec6f31ff044a9e062fd9d6dfe64222b2b09b1eb1eae697e05b173ad879cc35aa5e2203448f14813cb7c7b7c47fb88a2a1bef3e48",
            "directory_permission": "0777",
            "file_permission": "0777",
            "filename": "./compute-design-dev.txt",
            "id": "c6d685bceacc6d4fdcdd30b6d6070ecb26d8f362",
            "sensitive_content": null,
            "source": null
          },
          "sensitive_attributes": [
            [
              {
                "type": "get_attr",
                "value": "sensitive_content"
              }
            ]
          ],
          "identity_schema_version": 0
        }
      ]
    },
    {
      "mode": "managed",
      "type": "local_file",
      "name": "devops_lab_inventory",
      "provider": "provider[\"registry.terraform.io/hashicorp/local\"]",
      "instances": [
        {
          "schema_version": 0,
          "attributes": {
            "content": "Project     : node-app-devsecops-lab\nEnvironment : dev\nOwner       : Dr-Mohamed-Elhalawany\nLab ID      : d31bbe03\n\nCurrent Stack:\n- Node.js Express App\n- Docker\n- Jenkins\n- SonarQube\n- GitLeaks\n- Syft SBOM\n- Dependency-Track\n- Trivy\n- Prometheus Metrics\n- Grafana / Monitoring Path\n\nPhase:\n- Phase 1: Terraform Infrastructure as Code Foundation\n",
            "content_base64": null,
            "content_base64sha256": "fUbWFt3Y5hSWLqlhizfcqyJLF6uhBDcDl/r0ANwYV2k=",
            "content_base64sha512": "zfZ60VSQY5WnyZtc59FQIeb7XVlezs4YK2ln27k9yytN283anuyr3Jt7GzfEUZKOAdwbiCKR7xhz7kx4gnV+Rg==",
            "content_md5": "613518fbf449146e542390aac055453f",
            "content_sha1": "9178c72d117394a224897b8ba3f84e316aeb2d25",
            "content_sha256": "7d46d616ddd8e614962ea9618b37dcab224b17aba104370397faf400dc185769",
            "content_sha512": "cdf67ad154906395a7c99b5ce7d15021e6fb5d595ecece182b6967dbb93dcb2b4ddbcdda9eecabdc9b7b1b37c451928e01dc1b882291ef1873ee4c7882757e46",
            "directory_permission": "0777",
            "file_permission": "0777",
            "filename": "./devops-lab-inventory.txt",
            "id": "9178c72d117394a224897b8ba3f84e316aeb2d25",
            "sensitive_content": null,
            "source": null
          },
          "sensitive_attributes": [
            [
              {
                "type": "get_attr",
                "value": "sensitive_content"
              }
            ]
          ],
          "identity_schema_version": 0,
          "dependencies": [
            "random_id.lab_id"
          ]
        }
      ]
    },
    {
      "mode": "managed",
      "type": "local_file",
      "name": "monitoring_design",
      "provider": "provider[\"registry.terraform.io/hashicorp/local\"]",
      "instances": [
        {
          "schema_version": 0,
          "attributes": {
            "content": "Monitoring Design - dev\n\nPrometheus:\n- Name : prometheus\n- Port : 9090\n- Role : Metrics Collection\n\nGrafana:\n- Name : grafana\n- Port : 3000\n- Role : Dashboards and Visualization\n\nNode.js Application Metrics:\n- Name     : node-app-metrics\n- Endpoint : /metrics\n- Role     : Application Metrics\n\nCurrent Verified Metrics:\n- /metrics endpoint is working\n- security_ metrics confirmed\n- Prometheus integration path ready\n\nFuture Observability:\n- Loki for logs\n- Tempo for traces\n- OpenTelemetry for distributed telemetry\n- SLO / SLA Dashboards\n- Alerting Rules\n",
            "content_base64": null,
            "content_base64sha256": "BBqQ1NoLS7ljAROe2P0qP38XSbGNH8PAAGVhCuN8Wh0=",
            "content_base64sha512": "E8Z2CG2Sx67G61SwubaRpMFti4GZCdNpnkVoIOU/8wlewrqaVUW3x8T1/KZX9r7TL4jWOhGLn0LlwdoUeNI64g==",
            "content_md5": "4631576fe78815ac2227210e5ab5173d",
            "content_sha1": "6e02380aff79ddd44e4d0b033717e206842db394",
            "content_sha256": "041a90d4da0b4bb96301139ed8fd2a3f7f1749b18d1fc3c00065610ae37c5a1d",
            "content_sha512": "13c676086d92c7aec6eb54b0b9b691a4c16d8b819909d3699e456820e53ff3095ec2ba9a5545b7c7c4f5fca657f6bed32f88d63a118b9f42e5c1da1478d23ae2",
            "directory_permission": "0777",
            "file_permission": "0777",
            "filename": "./monitoring-design-dev.txt",
            "id": "6e02380aff79ddd44e4d0b033717e206842db394",
            "sensitive_content": null,
            "source": null
          },
          "sensitive_attributes": [
            [
              {
                "type": "get_attr",
                "value": "sensitive_content"
              }
            ]
          ],
          "identity_schema_version": 0
        }
      ]
    },
    {
      "mode": "managed",
      "type": "local_file",
      "name": "network_design",
      "provider": "provider[\"registry.terraform.io/hashicorp/local\"]",
      "instances": [
        {
          "schema_version": 0,
          "attributes": {
            "content": "Network Name: node-app-devsecops-lab-dev-network\n\nSubnets:\n- App Subnet        : 10.10.1.0/24\n- Monitoring Subnet : 10.10.2.0/24\n- Security Subnet   : 10.10.3.0/24\n\nPurpose:\nThis network layer will support:\n- Node.js Application\n- Jenkins\n- SonarQube\n- Dependency-Track\n- Trivy\n- Prometheus\n- Grafana\n- Future Kubernetes Cluster\n",
            "content_base64": null,
            "content_base64sha256": "6UwX+DAFARlZPecqYNdwFDHzXshAfO474IeJj9mVD/U=",
            "content_base64sha512": "Ifb9Ek1zd8YgKYuf3hQImHUEJ6R7Z3mYlvz79ABoM3nGhFS+bsIkF9z8+wIiwj2Y8tl077fZxF7vD6uwkDX+pQ==",
            "content_md5": "9763969aae2c5c2d30dcbb3177458aaf",
            "content_sha1": "3f0281ab78c1055797f07610cabfe55ab1724471",
            "content_sha256": "e94c17f830050119593de72a60d7701431f35ec8407cee3be087898fd9950ff5",
            "content_sha512": "21f6fd124d7377c620298b9fde140898750427a47b67799896fcfbf400683379c68454be6ec22417dcfcfb0222c23d98f2d974efb7d9c45eef0fabb09035fea5",
            "directory_permission": "0777",
            "file_permission": "0777",
            "filename": "./network-design-dev.txt",
            "id": "3f0281ab78c1055797f07610cabfe55ab1724471",
            "sensitive_content": null,
            "source": null
          },
          "sensitive_attributes": [
            [
              {
                "type": "get_attr",
                "value": "sensitive_content"
              }
            ]
          ],
          "identity_schema_version": 0
        }
      ]
    },
    {
      "mode": "managed",
      "type": "local_file",
      "name": "security_design",
      "provider": "provider[\"registry.terraform.io/hashicorp/local\"]",
      "instances": [
        {
          "schema_version": 0,
          "attributes": {
            "content": "Security Access Design - dev\n\nAllowed Ports:\n- SSH              : 22\n- Node.js App      : 8080\n- Jenkins          : 8081\n- SonarQube        : 9000\n- Dependency-Track : 8082\n- Prometheus       : 9090\n- Grafana          : 3000\n\nSecurity Principles:\n- Least Privilege\n- Dedicated Monitoring Access\n- CI/CD Controlled Deployment\n- Future Vault Integration\n- Future OPA Policy Enforcement\n",
            "content_base64": null,
            "content_base64sha256": "48EErJErQmxHA63AfKD72aTUxKgurRGb7GVWv5N91WQ=",
            "content_base64sha512": "VX8R/YjIDjHfHhgpSazf+bVnW8+enL3cxOFYYRC6IgGhesVqjqNYAJbphCW6Pm69LalyIyHeb2n/ehDX/6fPpg==",
            "content_md5": "919c06231275f9574c8ef307bc1e9150",
            "content_sha1": "a177ca777dc8227802fd73c24a9f5c078670a8f0",
            "content_sha256": "e3c104ac912b426c4703adc07ca0fbd9a4d4c4a82ead119bec6556bf937dd564",
            "content_sha512": "557f11fd88c80e31df1e182949acdff9b5675bcf9e9cbddcc4e1586110ba2201a17ac56a8ea3580096e98425ba3e6ebd2da9722321de6f69ff7a10d7ffa7cfa6",
            "directory_permission": "0777",
            "file_permission": "0777",
            "filename": "./security-design-dev.txt",
            "id": "a177ca777dc8227802fd73c24a9f5c078670a8f0",
            "sensitive_content": null,
            "source": null
          },
          "sensitive_attributes": [
            [
              {
                "type": "get_attr",
                "value": "sensitive_content"
              }
            ]
          ],
          "identity_schema_version": 0
        }
      ]
    },
    {
      "mode": "managed",
      "type": "random_id",
      "name": "lab_id",
      "provider": "provider[\"registry.terraform.io/hashicorp/random\"]",
      "instances": [
        {
          "schema_version": 0,
          "attributes": {
            "b64_std": "0xu+Aw==",
            "b64_url": "0xu-Aw",
            "byte_length": 4,
            "dec": "3541810691",
            "hex": "d31bbe03",
            "id": "0xu-Aw",
            "keepers": null,
            "prefix": null
          },
          "sensitive_attributes": [],
          "identity_schema_version": 0
        }
      ]
    }
  ],
  "check_results": null
}
